<?xml version="1.0" encoding="utf-8"?>
<Project ToolsVersion="4.0" xmlns="http://schemas.microsoft.com/developer/msbuild/2003">
  <ItemGroup>
    <Filter Include="Source Files">
      <UniqueIdentifier>{4FC737F1-C7A5-4376-A066-2A32D752A2FF}</UniqueIdentifier>
      <Extensions>cpp;c;cc;cxx;def;odl;idl;hpj;bat;asm;asmx</Extensions>
    </Filter>
    <Filter Include="Header Files">
      <UniqueIdentifier>{93995380-89BD-4b04-88EB-625FBE52EBFB}</UniqueIdentifier>
      <Extensions>h;hh;hpp;hxx;hm;inl;inc;ipp;xsd</Extensions>
    </Filter>
    <Filter Include="Resource Files">
      <UniqueIdentifier>{67DA6AB6-F800-4c08-8B7A-83BB121AAD01}</UniqueIdentifier>
      <Extensions>rc;ico;cur;bmp;dlg;rc2;rct;bin;rgs;gif;jpg;jpeg;jpe;resx;tiff;tif;png;wav;mfcribbon-ms</Extensions>
    </Filter>
    <Filter Include="Header Files\Rendering">
      <UniqueIdentifier>{0158e199-d940-45d0-bbb2-f5402145f8b4}</UniqueIdentifier>
    </Filter>
    <Filter Include="Source Files\Rendering">
      <UniqueIdentifier>{72cc454f-db77-4913-8198-741fef9d0829}</UniqueIdentifier>
    </Filter>
    <Filter Include="Header Files\Util">
      <UniqueIdentifier>{e4d2e756-2bbc-4ab8-8ead-228d0867566f}</UniqueIdentifier>
    </Filter>
    <Filter Include="Source Files\Util">
      <UniqueIdentifier>{a022043d-051d-4eab-818d-af003b7f925a}</UniqueIdentifier>
    </Filter>
    <Filter Include="Source Files\Rendering\Model">
      <UniqueIdentifier>{0b362309-945f-4f5d-a4e8-d074c6584922}</UniqueIdentifier>
    </Filter>
    <Filter Include="Header Files\Rendering\Model">
      <UniqueIdentifier>{0b41e111-07ff-426f-8048-b50305a15613}</UniqueIdentifier>
    </Filter>
    <Filter Include="Header Files\Audio">
      <UniqueIdentifier>{56124900-2ed7-4cc2-97f0-97d9d37f3606}</UniqueIdentifier>
    </Filter>
    <Filter Include="Source Files\Audio">
      <UniqueIdentifier>{ccce65a2-3185-49c0-9865-fa8a71f6962b}</UniqueIdentifier>
    </Filter>
    <Filter Include="Source Files\Scene">
      <UniqueIdentifier>{0c76a43f-45fc-4ce3-ba39-ae5e7fe74ae1}</UniqueIdentifier>
    </Filter>
    <Filter Include="Header Files\Scene">
      <UniqueIdentifier>{3519b1ec-bdc6-4ed1-82e1-9e56385d4ebe}</UniqueIdentifier>
    </Filter>
    <Filter Include="Header Files\JSON">
      <UniqueIdentifier>{00fb018d-c1a1-4dc4-bdb6-2d874ad4ad4a}</UniqueIdentifier>
    </Filter>
    <Filter Include="Source Files\JSON">
      <UniqueIdentifier>{0200a6d2-6079-40c8-b0e6-c0e215aad0a7}</UniqueIdentifier>
    </Filter>
  </ItemGroup>
  <ItemGroup>
    <ClCompile Include="main.cpp">
      <Filter>Source Files</Filter>
    </ClCompile>
    <ClCompile Include="Window.cpp">
      <Filter>Source Files</Filter>
    </ClCompile>
    <ClCompile Include="RenderTexture.cpp">
      <Filter>Source Files\Rendering</Filter>
    </ClCompile>
    <ClCompile Include="Shader.cpp">
      <Filter>Source Files\Rendering</Filter>
    </ClCompile>
    <ClCompile Include="Texture.cpp">
      <Filter>Source Files\Rendering</Filter>
    </ClCompile>
    <ClCompile Include="VertexArray.cpp">
      <Filter>Source Files\Rendering</Filter>
    </ClCompile>
    <ClCompile Include="VertexBuffer.cpp">
      <Filter>Source Files\Rendering</Filter>
    </ClCompile>
    <ClCompile Include="Time.cpp">
      <Filter>Source Files\Util</Filter>
    </ClCompile>
    <ClCompile Include="Transform.cpp">
      <Filter>Source Files\Scene</Filter>
    </ClCompile>
    <ClCompile Include="Scene.cpp">
      <Filter>Source Files\Scene</Filter>
    </ClCompile>
    <ClCompile Include="File.cpp">
      <Filter>Source Files\Util</Filter>
    </ClCompile>
    <ClCompile Include="IModel.cpp">
      <Filter>Source Files\Rendering\Model</Filter>
    </ClCompile>
    <ClCompile Include="WavefrontModel.cpp">
      <Filter>Source Files\Rendering\Model</Filter>
    </ClCompile>
    <ClCompile Include="Audio.cpp">
      <Filter>Source Files\Audio</Filter>
    </ClCompile>
    <ClCompile Include="AudioEvent.cpp">
      <Filter>Source Files\Audio</Filter>
    </ClCompile>
    <ClCompile Include="Screen.cpp">
      <Filter>Source Files\Rendering</Filter>
    </ClCompile>
    <ClCompile Include="GameObject.cpp">
      <Filter>Source Files\Scene</Filter>
    </ClCompile>
    <ClCompile Include="CameraComponent.cpp">
      <Filter>Source Files\Scene</Filter>
    </ClCompile>
    <ClCompile Include="LightComponent.cpp">
      <Filter>Source Files\Scene</Filter>
    </ClCompile>
    <ClCompile Include="Quad.cpp">
      <Filter>Source Files\Rendering\Model</Filter>
    </ClCompile>
    <ClCompile Include="ShaderProgram.cpp">
      <Filter>Source Files\Rendering</Filter>
    </ClCompile>
    <ClCompile Include="ModelComponent.cpp">
      <Filter>Source Files\Scene</Filter>
    </ClCompile>
    <ClCompile Include="Resources.cpp">
      <Filter>Source Files\Util</Filter>
    </ClCompile>
    <ClCompile Include="SceneParser.cpp">
      <Filter>Source Files\JSON</Filter>
    </ClCompile>
    <ClCompile Include="IJsonParser.cpp">
      <Filter>Source Files\JSON</Filter>
    </ClCompile>
    <ClCompile Include="IComponentParser.cpp">
      <Filter>Source Files\JSON</Filter>
    </ClCompile>
    <ClCompile Include="BitSet.cpp">
      <Filter>Source Files\Util</Filter>
    </ClCompile>
    <ClCompile Include="Input.cpp">
      <Filter>Source Files\Util</Filter>
    </ClCompile>
    <ClCompile Include="KeybindParser.cpp">
      <Filter>Source Files\JSON</Filter>
    </ClCompile>
    <ClCompile Include="PlayerInputComponent.cpp">
      <Filter>Source Files\Scene</Filter>
    </ClCompile>
  </ItemGroup>
  <ItemGroup>
    <ClInclude Include="Window.h">
      <Filter>Header Files</Filter>
    </ClInclude>
    <ClInclude Include="VertexBuffer.h">
      <Filter>Header Files\Rendering</Filter>
    </ClInclude>
    <ClInclude Include="VertexArray.h">
      <Filter>Header Files\Rendering</Filter>
    </ClInclude>
    <ClInclude Include="Shader.h">
      <Filter>Header Files\Rendering</Filter>
    </ClInclude>
    <ClInclude Include="RenderTexture.h">
      <Filter>Header Files\Rendering</Filter>
    </ClInclude>
    <ClInclude Include="Texture.h">
      <Filter>Header Files\Rendering</Filter>
    </ClInclude>
    <ClInclude Include="Time.h">
      <Filter>Header Files\Util</Filter>
    </ClInclude>
    <ClInclude Include="Transform.h">
      <Filter>Header Files\Scene</Filter>
    </ClInclude>
    <ClInclude Include="Scene.h">
      <Filter>Header Files\Scene</Filter>
    </ClInclude>
    <ClInclude Include="File.h">
      <Filter>Header Files\Util</Filter>
    </ClInclude>
    <ClInclude Include="IModel.h">
      <Filter>Header Files\Rendering\Model</Filter>
    </ClInclude>
    <ClInclude Include="WavefrontModel.h">
      <Filter>Header Files\Rendering\Model</Filter>
    </ClInclude>
    <ClInclude Include="Audio.h">
      <Filter>Header Files\Audio</Filter>
    </ClInclude>
    <ClInclude Include="AudioEvent.h">
      <Filter>Header Files\Audio</Filter>
    </ClInclude>
    <ClInclude Include="Screen.h">
      <Filter>Header Files\Rendering</Filter>
    </ClInclude>
    <ClInclude Include="GameObject.h">
      <Filter>Header Files\Scene</Filter>
    </ClInclude>
    <ClInclude Include="IComponent.h">
      <Filter>Header Files\Scene</Filter>
    </ClInclude>
    <ClInclude Include="CameraComponent.h">
      <Filter>Header Files\Scene</Filter>
    </ClInclude>
    <ClInclude Include="LightComponent.h">
      <Filter>Header Files\Scene</Filter>
    </ClInclude>
    <ClInclude Include="Quad.h">
      <Filter>Header Files\Rendering\Model</Filter>
    </ClInclude>
    <ClInclude Include="ShaderProgram.h">
      <Filter>Header Files\Rendering</Filter>
    </ClInclude>
    <ClInclude Include="ModelComponent.h">
      <Filter>Header Files\Scene</Filter>
    </ClInclude>
    <ClInclude Include="IRenderable.h">
      <Filter>Header Files\Rendering</Filter>
    </ClInclude>
    <ClInclude Include="IResource.h">
      <Filter>Header Files\Util</Filter>
    </ClInclude>
    <ClInclude Include="ResourceHandler.h">
      <Filter>Header Files\Util</Filter>
    </ClInclude>
    <ClInclude Include="ITexture.h">
      <Filter>Header Files\Rendering</Filter>
    </ClInclude>
    <ClInclude Include="Resources.h">
      <Filter>Header Files\Util</Filter>
    </ClInclude>
    <ClInclude Include="SceneParser.h">
      <Filter>Header Files\JSON</Filter>
    </ClInclude>
    <ClInclude Include="IComponentParser.h">
      <Filter>Header Files\JSON</Filter>
    </ClInclude>
    <ClInclude Include="IJsonParser.h">
      <Filter>Header Files\JSON</Filter>
    </ClInclude>
    <ClInclude Include="BitSet.h">
      <Filter>Header Files\Util</Filter>
    </ClInclude>
    <ClInclude Include="Input.h">
      <Filter>Header Files\Util</Filter>
    </ClInclude>
    <ClInclude Include="KeybindParser.h">
      <Filter>Header Files\JSON</Filter>
    </ClInclude>
    <ClInclude Include="PlayerInputComponent.h">
      <Filter>Header Files\Scene</Filter>
    </ClInclude>
  </ItemGroup>
</Project>